// !$*UTF8*$!
{
	archiveVersion = 1;
	classes = {
	};
	objectVersion = 46;
	objects = {

/* Begin PBXAggregateTarget section */
		90601EC71CC7E39B002C2D6B /* universal */ = {
			isa = PBXAggregateTarget;
			buildConfigurationList = 90601ECA1CC7E39B002C2D6B /* Build configuration list for PBXAggregateTarget "universal" */;
			buildPhases = (
				90601ECB1CC7E39F002C2D6B /* Run Script */,
			);
			dependencies = (
			);
			name = universal;
			productName = universal;
		};
/* End PBXAggregateTarget section */

/* Begin PBXCopyFilesBuildPhase section */
		90CF473F1CC6FC4C00305C9B /* CopyFiles */ = {
			isa = PBXCopyFilesBuildPhase;
			buildActionMask = 2147483647;
			dstPath = "include/$(PRODUCT_NAME)";
			dstSubfolderSpec = 16;
			files = (
			);
			runOnlyForDeploymentPostprocessing = 0;
		};
/* End PBXCopyFilesBuildPhase section */

/* Begin PBXFileReference section */
		90CF47411CC6FC4C00305C9B /* libFitSdkCppiOS.a */ = {isa = PBXFileReference; explicitFileType = archive.ar; includeInIndex = 0; path = libFitSdkCppiOS.a; sourceTree = BUILT_PRODUCTS_DIR; };
		90CF474E1CC6FD8D00305C9B /* DefaultDebugSettings.xcconfig */ = {isa = PBXFileReference; fileEncoding = 4; lastKnownFileType = text.xcconfig; name = DefaultDebugSettings.xcconfig; path = configs/DefaultDebugSettings.xcconfig; sourceTree = "<group>"; };
		90CF474F1CC6FD8D00305C9B /* DefaultReleaseSettings.xcconfig */ = {isa = PBXFileReference; fileEncoding = 4; lastKnownFileType = text.xcconfig; name = DefaultReleaseSettings.xcconfig; path = configs/DefaultReleaseSettings.xcconfig; sourceTree = "<group>"; };
/* End PBXFileReference section */

/* Begin PBXFrameworksBuildPhase section */
		90CF473E1CC6FC4C00305C9B /* Frameworks */ = {
			isa = PBXFrameworksBuildPhase;
			buildActionMask = 2147483647;
			files = (
			);
			runOnlyForDeploymentPostprocessing = 0;
		};
/* End PBXFrameworksBuildPhase section */

/* Begin PBXGroup section */
		9014F7571CC7362C00C21344 /* Source */ = {
			isa = PBXGroup;
			children = (
			);
			name = Source;
			sourceTree = "<group>";
		};
		90CF47381CC6FC4C00305C9B = {
			isa = PBXGroup;
			children = (
				90CF474D1CC6FD3600305C9B /* Configs */,
				90CF47421CC6FC4C00305C9B /* Products */,
				9014F7571CC7362C00C21344 /* Source */,
			);
			sourceTree = "<group>";
		};
		90CF47421CC6FC4C00305C9B /* Products */ = {
			isa = PBXGroup;
			children = (
				90CF47411CC6FC4C00305C9B /* libFitSdkCppiOS.a */,
			);
			name = Products;
			sourceTree = "<group>";
		};
		90CF474D1CC6FD3600305C9B /* Configs */ = {
			isa = PBXGroup;
			children = (
				90CF474F1CC6FD8D00305C9B /* DefaultReleaseSettings.xcconfig */,
				90CF474E1CC6FD8D00305C9B /* DefaultDebugSettings.xcconfig */,
			);
			name = Configs;
			sourceTree = "<group>";
		};
/* End PBXGroup section */

/* Begin PBXHeadersBuildPhase section */
		540F3032FF7CF09EF8CDF91A /* Headers */ = {
			isa = PBXHeadersBuildPhase;
			buildActionMask = 2147483647;
			files = (
			);
			runOnlyForDeploymentPostprocessing = 0;
		};
/* End PBXHeadersBuildPhase section */

/* Begin PBXNativeTarget section */
		90CF47401CC6FC4C00305C9B /* FitSdkCppiOS */ = {
			isa = PBXNativeTarget;
			buildConfigurationList = 90CF474A1CC6FC4C00305C9B /* Build configuration list for PBXNativeTarget "FitSdkCppiOS" */;
			buildPhases = (
				90CF473D1CC6FC4C00305C9B /* Sources */,
				90CF473E1CC6FC4C00305C9B /* Frameworks */,
				90CF473F1CC6FC4C00305C9B /* CopyFiles */,
				540F3032FF7CF09EF8CDF91A /* Headers */,
			);
			buildRules = (
			);
			dependencies = (
			);
			name = FitSdkCppiOS;
			productName = FitSdkCppiOS;
			productReference = 90CF47411CC6FC4C00305C9B /* libFitSdkCppiOS.a */;
			productType = "com.apple.product-type.library.static";
		};
/* End PBXNativeTarget section */

/* Begin PBXProject section */
		90CF47391CC6FC4C00305C9B /* Project object */ = {
			isa = PBXProject;
			attributes = {
				LastUpgradeCheck = 0720;
				ORGANIZATIONNAME = "Doiron, Evan";
				TargetAttributes = {
					90601EC71CC7E39B002C2D6B = {
						CreatedOnToolsVersion = 7.2.1;
					};
					90CF47401CC6FC4C00305C9B = {
						CreatedOnToolsVersion = 7.2.1;
					};
				};
			};
			buildConfigurationList = 90CF473C1CC6FC4C00305C9B /* Build configuration list for PBXProject "FitSdkCppiOS" */;
			compatibilityVersion = "Xcode 3.2";
			developmentRegion = English;
			hasScannedForEncodings = 0;
			knownRegions = (
				en,
			);
			mainGroup = 90CF47381CC6FC4C00305C9B;
			productRefGroup = 90CF47421CC6FC4C00305C9B /* Products */;
			projectDirPath = "";
			projectRoot = "";
			targets = (
				90CF47401CC6FC4C00305C9B /* FitSdkCppiOS */,
				90601EC71CC7E39B002C2D6B /* universal */,
			);
		};
/* End PBXProject section */

/* Begin PBXShellScriptBuildPhase section */
		90601ECB1CC7E39F002C2D6B /* Run Script */ = {
			isa = PBXShellScriptBuildPhase;
			buildActionMask = 2147483647;
			files = (
			);
			inputPaths = (
			);
			name = "Run Script";
			outputPaths = (
			);
			runOnlyForDeploymentPostprocessing = 0;
			shellPath = /bin/sh;
			shellScript = "# define output folder environment variable\nUNIVERSAL_OUTPUTFOLDER=${BUILD_DIR}/${CONFIGURATION}iOS-universal\nTARGET=FitSdkCppiOS\n\n# Step 1. Build Device and Simulator versions\nxcodebuild -target \"${TARGET}\" -configuration ${CONFIGURATION} -sdk iphoneos  BUILD_DIR=\"${BUILD_DIR}\" BUILD_ROOT=\"${BUILD_ROOT}\"\nxcodebuild -target \"${TARGET}\" -configuration ${CONFIGURATION} -sdk iphonesimulator -arch x86_64 -arch i386 BUILD_DIR=\"${BUILD_DIR}\" BUILD_ROOT=\"${BUILD_ROOT}\" ONLY_ACTIVE_ARCH=NO VALID_ARCHS=\"i386 x86_64\"\n\n# make sure the output directory exists\nmkdir -p \"${UNIVERSAL_OUTPUTFOLDER}\"\n\n# Step 2. Create universal binary file using lipo\nlipo -create -output \"${UNIVERSAL_OUTPUTFOLDER}/lib${PROJECT_NAME}.a\" \"${BUILD_DIR}/${CONFIGURATION}-iphoneos/lib${PROJECT_NAME}.a\" \"${BUILD_DIR}/${CONFIGURATION}-iphonesimulator/lib${PROJECT_NAME}.a\"\n\n# Last touch. copy the header files. Just for convenience\ncp -R \"${BUILD_DIR}/${CONFIGURATION}-iphoneos/usr\" \"${UNIVERSAL_OUTPUTFOLDER}/usr\"";
		};
/* End PBXShellScriptBuildPhase section */

/* Begin PBXSourcesBuildPhase section */
		90CF473D1CC6FC4C00305C9B /* Sources */ = {
			isa = PBXSourcesBuildPhase;
			buildActionMask = 2147483647;
			files = (
			);
			runOnlyForDeploymentPostprocessing = 0;
		};
/* End PBXSourcesBuildPhase section */

/* Begin XCBuildConfiguration section */
		90601EC81CC7E39B002C2D6B /* Debug */ = {
			isa = XCBuildConfiguration;
			buildSettings = {
				OTHER_CPLUSPLUSFLAGS = "$(OTHER_CFLAGS)";
				PRODUCT_NAME = "$(TARGET_NAME)";
			};
			name = Debug;
		};
		90601EC91CC7E39B002C2D6B /* Release */ = {
			isa = XCBuildConfiguration;
			buildSettings = {
				OTHER_CPLUSPLUSFLAGS = "$(OTHER_CFLAGS)";
				PRODUCT_NAME = "$(TARGET_NAME)";
			};
			name = Release;
		};
		90CF47481CC6FC4C00305C9B /* Debug */ = {
			isa = XCBuildConfiguration;
			buildSettings = {
				ALWAYS_SEARCH_USER_PATHS = NO;
				ARCHS = "$(ARCHS_STANDARD)";
				CLANG_CXX_LANGUAGE_STANDARD = "gnu++0x";
				CLANG_CXX_LIBRARY = "libc++";
				CLANG_ENABLE_MODULES = YES;
				CLANG_ENABLE_OBJC_ARC = YES;
				CLANG_WARN_BOOL_CONVERSION = YES;
				CLANG_WARN_CONSTANT_CONVERSION = YES;
				CLANG_WARN_DIRECT_OBJC_ISA_USAGE = YES_ERROR;
				CLANG_WARN_EMPTY_BODY = YES;
				CLANG_WARN_ENUM_CONVERSION = YES;
				CLANG_WARN_INT_CONVERSION = YES;
				CLANG_WARN_OBJC_ROOT_CLASS = YES_ERROR;
				CLANG_WARN_UNREACHABLE_CODE = YES;
				CLANG_WARN__DUPLICATE_METHOD_MATCH = YES;
				"CODE_SIGN_IDENTITY[sdk=iphoneos*]" = "iPhone Developer";
				COPY_PHASE_STRIP = NO;
				DEBUG_INFORMATION_FORMAT = dwarf;
				ENABLE_STRICT_OBJC_MSGSEND = YES;
				ENABLE_TESTABILITY = YES;
				GCC_C_LANGUAGE_STANDARD = gnu99;
				GCC_DYNAMIC_NO_PIC = NO;
				GCC_NO_COMMON_BLOCKS = YES;
				GCC_OPTIMIZATION_LEVEL = 0;
				GCC_PREPROCESSOR_DEFINITIONS = (
					"DEBUG=1",
					"$(inherited)",
				);
				GCC_WARN_64_TO_32_BIT_CONVERSION = YES;
				GCC_WARN_ABOUT_RETURN_TYPE = YES_ERROR;
				GCC_WARN_UNDECLARED_SELECTOR = YES;
				GCC_WARN_UNINITIALIZED_AUTOS = YES_AGGRESSIVE;
				GCC_WARN_UNUSED_FUNCTION = YES;
				GCC_WARN_UNUSED_VARIABLE = YES;
				IPHONEOS_DEPLOYMENT_TARGET = 8.0;
				MTL_ENABLE_DEBUG_INFO = YES;
				ONLY_ACTIVE_ARCH = NO;
				OTHER_CPLUSPLUSFLAGS = "$(OTHER_CFLAGS)";
				SDKROOT = iphoneos;
				SYMROOT = ../build;
				VALID_ARCHS = "arm64 armv7 armv7s i386 x86_64";
			};
			name = Debug;
		};
		90CF47491CC6FC4C00305C9B /* Release */ = {
			isa = XCBuildConfiguration;
			buildSettings = {
				ALWAYS_SEARCH_USER_PATHS = NO;
				ARCHS = "$(ARCHS_STANDARD)";
				CLANG_CXX_LANGUAGE_STANDARD = "gnu++0x";
				CLANG_CXX_LIBRARY = "libc++";
				CLANG_ENABLE_MODULES = YES;
				CLANG_ENABLE_OBJC_ARC = YES;
				CLANG_WARN_BOOL_CONVERSION = YES;
				CLANG_WARN_CONSTANT_CONVERSION = YES;
				CLANG_WARN_DIRECT_OBJC_ISA_USAGE = YES_ERROR;
				CLANG_WARN_EMPTY_BODY = YES;
				CLANG_WARN_ENUM_CONVERSION = YES;
				CLANG_WARN_INT_CONVERSION = YES;
				CLANG_WARN_OBJC_ROOT_CLASS = YES_ERROR;
				CLANG_WARN_UNREACHABLE_CODE = YES;
				CLANG_WARN__DUPLICATE_METHOD_MATCH = YES;
				"CODE_SIGN_IDENTITY[sdk=iphoneos*]" = "iPhone Developer";
				COPY_PHASE_STRIP = NO;
				DEBUG_INFORMATION_FORMAT = "dwarf-with-dsym";
				ENABLE_NS_ASSERTIONS = NO;
				ENABLE_STRICT_OBJC_MSGSEND = YES;
				GCC_C_LANGUAGE_STANDARD = gnu99;
				GCC_NO_COMMON_BLOCKS = YES;
				GCC_WARN_64_TO_32_BIT_CONVERSION = YES;
				GCC_WARN_ABOUT_RETURN_TYPE = YES_ERROR;
				GCC_WARN_UNDECLARED_SELECTOR = YES;
				GCC_WARN_UNINITIALIZED_AUTOS = YES_AGGRESSIVE;
				GCC_WARN_UNUSED_FUNCTION = YES;
				GCC_WARN_UNUSED_VARIABLE = YES;
				IPHONEOS_DEPLOYMENT_TARGET = 8.0;
				MTL_ENABLE_DEBUG_INFO = NO;
				ONLY_ACTIVE_ARCH = NO;
				OTHER_CPLUSPLUSFLAGS = "$(OTHER_CFLAGS)";
				SDKROOT = iphoneos;
				SYMROOT = ../build;
				VALIDATE_PRODUCT = YES;
				VALID_ARCHS = "arm64 armv7 armv7s i386 x86_64";
			};
			name = Release;
		};
		90CF474B1CC6FC4C00305C9B /* Debug */ = {
			isa = XCBuildConfiguration;
			buildSettings = {
				ARCHS = "$(ARCHS_STANDARD)";
				COPY_PHASE_STRIP = YES;
				GCC_GENERATE_DEBUGGING_SYMBOLS = NO;
				GCC_TREAT_WARNINGS_AS_ERRORS = YES;
				OTHER_CPLUSPLUSFLAGS = "$(OTHER_CFLAGS)";
				OTHER_LDFLAGS = "-ObjC";
				PRODUCT_NAME = FitSdkCppiOS;
				SHARED_PRECOMPS_DIR = ../build/SharedPrecompiledHeaders;
				SKIP_INSTALL = YES;
				SYMROOT = ../build;
				VALID_ARCHS = "arm64 armv7 armv7s";
			};
			name = Debug;
		};
		90CF474C1CC6FC4C00305C9B /* Release */ = {
			isa = XCBuildConfiguration;
			buildSettings = {
				ARCHS = "$(ARCHS_STANDARD)";
				COPY_PHASE_STRIP = YES;
				GCC_GENERATE_DEBUGGING_SYMBOLS = NO;
				GCC_TREAT_WARNINGS_AS_ERRORS = YES;
				OTHER_CPLUSPLUSFLAGS = "$(OTHER_CFLAGS)";
				OTHER_LDFLAGS = "-ObjC";
				PRODUCT_NAME = FitSdkCppiOS;
				SHARED_PRECOMPS_DIR = ../build/SharedPrecompiledHeaders;
				SKIP_INSTALL = YES;
				SYMROOT = ../build;
				VALID_ARCHS = "arm64 armv7 armv7s";
			};
			name = Release;
		};
/* End XCBuildConfiguration section */

/* Begin XCConfigurationList section */
		90601ECA1CC7E39B002C2D6B /* Build configuration list for PBXAggregateTarget "universal" */ = {
			isa = XCConfigurationList;
			buildConfigurations = (
				90601EC81CC7E39B002C2D6B /* Debug */,
				90601EC91CC7E39B002C2D6B /* Release */,
			);
			defaultConfigurationIsVisible = 0;
			defaultConfigurationName = Release;
		};
		90CF473C1CC6FC4C00305C9B /* Build configuration list for PBXProject "FitSdkCppiOS" */ = {
			isa = XCConfigurationList;
			buildConfigurations = (
				90CF47481CC6FC4C00305C9B /* Debug */,
				90CF47491CC6FC4C00305C9B /* Release */,
			);
			defaultConfigurationIsVisible = 0;
			defaultConfigurationName = Release;
		};
		90CF474A1CC6FC4C00305C9B /* Build configuration list for PBXNativeTarget "FitSdkCppiOS" */ = {
			isa = XCConfigurationList;
			buildConfigurations = (
				90CF474B1CC6FC4C00305C9B /* Debug */,
				90CF474C1CC6FC4C00305C9B /* Release */,
			);
			defaultConfigurationIsVisible = 0;
			defaultConfigurationName = Release;
		};
/* End XCConfigurationList section */
	};
	rootObject = 90CF47391CC6FC4C00305C9B /* Project object */;
}
